{"1.2.0",
[{<<"h1">>,{pkg,<<"erlang_h1">>,<<"0.9.1">>},1},
 {<<"h2">>,{pkg,<<"h2">>,<<"0.12.4">>},1},
 {<<"wasm">>,{pkg,<<"erlang_wasm">>,<<"0.9.1">>},0}]}.
[
{pkg_hash,[
 {<<"h1">>, <<"A20CE059E74F953D7ED21E06BD58ADF53D746F5AA026B4FDD29D81E23B22DCA1">>},
 {<<"h2">>, <<"F8CB769CCC17369D185717135353BEE1D50F2CD193A9E8CD998D88CE6CAFC51D">>},
 {<<"wasm">>, <<"A68A9A2E1E4CD50095C6B17C6280124A79DA35AC6BC3A0F65026C7D6983E35F3">>}]},
{pkg_hash_ext,[
 {<<"h1">>, <<"F6C7D1C0947CBE56AB7494E5E131CADAC626E7D5FA42396314B6CCE1380B0C73">>},
 {<<"h2">>, <<"238553579D2599E823F1F7B1CACB763362EE6E2DF8E8F3B0C8FC67DA982C0675">>},
 {<<"wasm">>, <<"41C0586E040C123218A92CBB360FCD2459662805AB1E7066752C3B41E8DBFF9C">>}]}
].
