{"1.2.0",
[{<<"h1">>,{pkg,<<"erlang_h1">>,<<"0.9.1">>},1},
 {<<"h2">>,{pkg,<<"h2">>,<<"0.12.4">>},1},
 {<<"wasm">>,{pkg,<<"erlang_wasm">>,<<"0.9.0">>},0}]}.
[
{pkg_hash,[
 {<<"h1">>, <<"A20CE059E74F953D7ED21E06BD58ADF53D746F5AA026B4FDD29D81E23B22DCA1">>},
 {<<"h2">>, <<"F8CB769CCC17369D185717135353BEE1D50F2CD193A9E8CD998D88CE6CAFC51D">>},
 {<<"wasm">>, <<"43D8ED0545B6297ADDC9CE2DE28CFBC606322C7C3002EA490BF39110B592602D">>}]},
{pkg_hash_ext,[
 {<<"h1">>, <<"F6C7D1C0947CBE56AB7494E5E131CADAC626E7D5FA42396314B6CCE1380B0C73">>},
 {<<"h2">>, <<"238553579D2599E823F1F7B1CACB763362EE6E2DF8E8F3B0C8FC67DA982C0675">>},
 {<<"wasm">>, <<"7F7D8F8F282D0D3020F44E1B16DDA6F9EF698B83A603BF117859DF6DE46AF232">>}]}
].
